// !$*UTF8*$!
{
	archiveVersion = 1;
	classes = {
	};
	objectVersion = 56;
	objects = {

/* Begin PBXBuildFile section */
		BA294F792B08C53A008B3EB0 /* LoaderView.swift in Sources */ = {isa = PBXBuildFile; fileRef = BA294F782B08C53A008B3EB0 /* LoaderView.swift */; };
		BA294F7C2B08D321008B3EB0 /* NetworkingError.swift in Sources */ = {isa = PBXBuildFile; fileRef = BA294F7B2B08D321008B3EB0 /* NetworkingError.swift */; };
		BA294F7E2B08D34A008B3EB0 /* NetworkManagerInput.swift in Sources */ = {isa = PBXBuildFile; fileRef = BA294F7D2B08D34A008B3EB0 /* NetworkManagerInput.swift */; };
		BA40C0E52B07F7D600727DC6 /* DatePickerView.swift in Sources */ = {isa = PBXBuildFile; fileRef = BA40C0E42B07F7D600727DC6 /* DatePickerView.swift */; };
		BA40C0E72B08168300727DC6 /* Date+Extensions.swift in Sources */ = {isa = PBXBuildFile; fileRef = BA40C0E62B08168300727DC6 /* Date+Extensions.swift */; };
		BA40C0ED2B081CCF00727DC6 /* ArticleDetailsView.swift in Sources */ = {isa = PBXBuildFile; fileRef = BA40C0EC2B081CCF00727DC6 /* ArticleDetailsView.swift */; };
		BA40C0EF2B081E1B00727DC6 /* ArticleMock.swift in Sources */ = {isa = PBXBuildFile; fileRef = BA40C0EE2B081E1B00727DC6 /* ArticleMock.swift */; };
		BA40C0F12B08310C00727DC6 /* GlobalDateFormatter.swift in Sources */ = {isa = PBXBuildFile; fileRef = BA40C0F02B08310C00727DC6 /* GlobalDateFormatter.swift */; };
		BA40C0F32B08311C00727DC6 /* DateFormatter+Extensions.swift in Sources */ = {isa = PBXBuildFile; fileRef = BA40C0F22B08311C00727DC6 /* DateFormatter+Extensions.swift */; };
		BA78B83C2B074C6E00267217 /* Localizable.strings in Resources */ = {isa = PBXBuildFile; fileRef = BA78B83E2B074C6E00267217 /* Localizable.strings */; };
		BA78B8432B07566300267217 /* String+Extensions.swift in Sources */ = {isa = PBXBuildFile; fileRef = BA78B8422B07566300267217 /* String+Extensions.swift */; };
		BA78B8452B0756F900267217 /* SortTypeButton.swift in Sources */ = {isa = PBXBuildFile; fileRef = BA78B8442B0756F900267217 /* SortTypeButton.swift */; };
		BA827B792B0682A000BF0CFC /* ArticleView.swift in Sources */ = {isa = PBXBuildFile; fileRef = BA827B782B0682A000BF0CFC /* ArticleView.swift */; };
		BAAADF4C2B065BD500553127 /* NewsArticlesApp.swift in Sources */ = {isa = PBXBuildFile; fileRef = BAAADF4B2B065BD500553127 /* NewsArticlesApp.swift */; };
		BAAADF4E2B065BD500553127 /* NewsArticlesView.swift in Sources */ = {isa = PBXBuildFile; fileRef = BAAADF4D2B065BD500553127 /* NewsArticlesView.swift */; };
		BAAADF502B065BD700553127 /* Assets.xcassets in Resources */ = {isa = PBXBuildFile; fileRef = BAAADF4F2B065BD700553127 /* Assets.xcassets */; };
		BAAADF532B065BD700553127 /* Preview Assets.xcassets in Resources */ = {isa = PBXBuildFile; fileRef = BAAADF522B065BD700553127 /* Preview Assets.xcassets */; };
		BAAADF5D2B0666B700553127 /* NewsArticlesViewModel.swift in Sources */ = {isa = PBXBuildFile; fileRef = BAAADF5C2B0666B700553127 /* NewsArticlesViewModel.swift */; };
		BAAADF612B06679B00553127 /* NetworkManager.swift in Sources */ = {isa = PBXBuildFile; fileRef = BAAADF602B06679B00553127 /* NetworkManager.swift */; };
		BAAADF642B06686800553127 /* ArticlesResponse.swift in Sources */ = {isa = PBXBuildFile; fileRef = BAAADF632B06686800553127 /* ArticlesResponse.swift */; };
		BAAADF662B06687B00553127 /* Article.swift in Sources */ = {isa = PBXBuildFile; fileRef = BAAADF652B06687B00553127 /* Article.swift */; };
		BAAADF682B0668B100553127 /* ArticleSource.swift in Sources */ = {isa = PBXBuildFile; fileRef = BAAADF672B0668B100553127 /* ArticleSource.swift */; };
		BAAADF6A2B0679E900553127 /* SearchRequest.swift in Sources */ = {isa = PBXBuildFile; fileRef = BAAADF692B0679E900553127 /* SearchRequest.swift */; };
		BAAADF6C2B0679F900553127 /* RequestItem.swift in Sources */ = {isa = PBXBuildFile; fileRef = BAAADF6B2B0679F900553127 /* RequestItem.swift */; };
		BAAADF6E2B0681D600553127 /* NewsArticlesViewModelInput.swift in Sources */ = {isa = PBXBuildFile; fileRef = BAAADF6D2B0681D600553127 /* NewsArticlesViewModelInput.swift */; };
		BAAADF712B0681F500553127 /* NewsArticlesViewModelDataHandler.swift in Sources */ = {isa = PBXBuildFile; fileRef = BAAADF702B0681F500553127 /* NewsArticlesViewModelDataHandler.swift */; };
/* End PBXBuildFile section */

/* Begin PBXFileReference section */
		BA294F782B08C53A008B3EB0 /* LoaderView.swift */ = {isa = PBXFileReference; lastKnownFileType = sourcecode.swift; path = LoaderView.swift; sourceTree = "<group>"; };
		BA294F7B2B08D321008B3EB0 /* NetworkingError.swift */ = {isa = PBXFileReference; lastKnownFileType = sourcecode.swift; path = NetworkingError.swift; sourceTree = "<group>"; };
		BA294F7D2B08D34A008B3EB0 /* NetworkManagerInput.swift */ = {isa = PBXFileReference; lastKnownFileType = sourcecode.swift; path = NetworkManagerInput.swift; sourceTree = "<group>"; };
		BA40C0E42B07F7D600727DC6 /* DatePickerView.swift */ = {isa = PBXFileReference; lastKnownFileType = sourcecode.swift; path = DatePickerView.swift; sourceTree = "<group>"; };
		BA40C0E62B08168300727DC6 /* Date+Extensions.swift */ = {isa = PBXFileReference; lastKnownFileType = sourcecode.swift; path = "Date+Extensions.swift"; sourceTree = "<group>"; };
		BA40C0EC2B081CCF00727DC6 /* ArticleDetailsView.swift */ = {isa = PBXFileReference; lastKnownFileType = sourcecode.swift; path = ArticleDetailsView.swift; sourceTree = "<group>"; };
		BA40C0EE2B081E1B00727DC6 /* ArticleMock.swift */ = {isa = PBXFileReference; lastKnownFileType = sourcecode.swift; path = ArticleMock.swift; sourceTree = "<group>"; };
		BA40C0F02B08310C00727DC6 /* GlobalDateFormatter.swift */ = {isa = PBXFileReference; lastKnownFileType = sourcecode.swift; path = GlobalDateFormatter.swift; sourceTree = "<group>"; };
		BA40C0F22B08311C00727DC6 /* DateFormatter+Extensions.swift */ = {isa = PBXFileReference; lastKnownFileType = sourcecode.swift; path = "DateFormatter+Extensions.swift"; sourceTree = "<group>"; };
		BA78B83D2B074C6E00267217 /* en */ = {isa = PBXFileReference; lastKnownFileType = text.plist.strings; name = en; path = en.lproj/Localizable.strings; sourceTree = "<group>"; };
		BA78B8422B07566300267217 /* String+Extensions.swift */ = {isa = PBXFileReference; lastKnownFileType = sourcecode.swift; path = "String+Extensions.swift"; sourceTree = "<group>"; };
		BA78B8442B0756F900267217 /* SortTypeButton.swift */ = {isa = PBXFileReference; lastKnownFileType = sourcecode.swift; path = SortTypeButton.swift; sourceTree = "<group>"; };
		BA827B782B0682A000BF0CFC /* ArticleView.swift */ = {isa = PBXFileReference; lastKnownFileType = sourcecode.swift; path = ArticleView.swift; sourceTree = "<group>"; };
		BAAADF482B065BD500553127 /* NewsArticles.app */ = {isa = PBXFileReference; explicitFileType = wrapper.application; includeInIndex = 0; path = NewsArticles.app; sourceTree = BUILT_PRODUCTS_DIR; };
		BAAADF4B2B065BD500553127 /* NewsArticlesApp.swift */ = {isa = PBXFileReference; lastKnownFileType = sourcecode.swift; path = NewsArticlesApp.swift; sourceTree = "<group>"; };
		BAAADF4D2B065BD500553127 /* NewsArticlesView.swift */ = {isa = PBXFileReference; lastKnownFileType = sourcecode.swift; path = NewsArticlesView.swift; sourceTree = "<group>"; };
		BAAADF4F2B065BD700553127 /* Assets.xcassets */ = {isa = PBXFileReference; lastKnownFileType = folder.assetcatalog; path = Assets.xcassets; sourceTree = "<group>"; };
		BAAADF522B065BD700553127 /* Preview Assets.xcassets */ = {isa = PBXFileReference; lastKnownFileType = folder.assetcatalog; path = "Preview Assets.xcassets"; sourceTree = "<group>"; };
		BAAADF5C2B0666B700553127 /* NewsArticlesViewModel.swift */ = {isa = PBXFileReference; lastKnownFileType = sourcecode.swift; path = NewsArticlesViewModel.swift; sourceTree = "<group>"; };
		BAAADF602B06679B00553127 /* NetworkManager.swift */ = {isa = PBXFileReference; lastKnownFileType = sourcecode.swift; path = NetworkManager.swift; sourceTree = "<group>"; };
		BAAADF632B06686800553127 /* ArticlesResponse.swift */ = {isa = PBXFileReference; lastKnownFileType = sourcecode.swift; path = ArticlesResponse.swift; sourceTree = "<group>"; };
		BAAADF652B06687B00553127 /* Article.swift */ = {isa = PBXFileReference; lastKnownFileType = sourcecode.swift; path = Article.swift; sourceTree = "<group>"; };
		BAAADF672B0668B100553127 /* ArticleSource.swift */ = {isa = PBXFileReference; lastKnownFileType = sourcecode.swift; path = ArticleSource.swift; sourceTree = "<group>"; };
		BAAADF692B0679E900553127 /* SearchRequest.swift */ = {isa = PBXFileReference; lastKnownFileType = sourcecode.swift; path = SearchRequest.swift; sourceTree = "<group>"; };
		BAAADF6B2B0679F900553127 /* RequestItem.swift */ = {isa = PBXFileReference; lastKnownFileType = sourcecode.swift; path = RequestItem.swift; sourceTree = "<group>"; };
		BAAADF6D2B0681D600553127 /* NewsArticlesViewModelInput.swift */ = {isa = PBXFileReference; lastKnownFileType = sourcecode.swift; path = NewsArticlesViewModelInput.swift; sourceTree = "<group>"; };
		BAAADF702B0681F500553127 /* NewsArticlesViewModelDataHandler.swift */ = {isa = PBXFileReference; lastKnownFileType = sourcecode.swift; path = NewsArticlesViewModelDataHandler.swift; sourceTree = "<group>"; };
/* End PBXFileReference section */

/* Begin PBXFrameworksBuildPhase section */
		BAAADF452B065BD500553127 /* Frameworks */ = {
			isa = PBXFrameworksBuildPhase;
			buildActionMask = 2147483647;
			files = (
			);
			runOnlyForDeploymentPostprocessing = 0;
		};
/* End PBXFrameworksBuildPhase section */

/* Begin PBXGroup section */
		BA294F7A2B08D30E008B3EB0 /* Errors */ = {
			isa = PBXGroup;
			children = (
				BA294F7B2B08D321008B3EB0 /* NetworkingError.swift */,
			);
			name = Errors;
			sourceTree = "<group>";
		};
		BA40C0EA2B081C8F00727DC6 /* Modules */ = {
			isa = PBXGroup;
			children = (
				BA40C0EB2B081CAB00727DC6 /* ArticleDetails */,
				BAAADF592B06669700553127 /* NewsArticles */,
			);
			path = Modules;
			sourceTree = "<group>";
		};
		BA40C0EB2B081CAB00727DC6 /* ArticleDetails */ = {
			isa = PBXGroup;
			children = (
				BA40C0EC2B081CCF00727DC6 /* ArticleDetailsView.swift */,
			);
			name = ArticleDetails;
			sourceTree = "<group>";
		};
		BA78B83F2B074CC700267217 /* Resources */ = {
			isa = PBXGroup;
			children = (
				BAAADF4F2B065BD700553127 /* Assets.xcassets */,
				BA40C0EE2B081E1B00727DC6 /* ArticleMock.swift */,
				BA78B83E2B074C6E00267217 /* Localizable.strings */,
			);
			path = Resources;
			sourceTree = "<group>";
		};
		BA78B8402B07564B00267217 /* Helpers */ = {
			isa = PBXGroup;
			children = (
				BA78B8412B07565600267217 /* Extensions */,
				BA40C0F02B08310C00727DC6 /* GlobalDateFormatter.swift */,
			);
			name = Helpers;
			sourceTree = "<group>";
		};
		BA78B8412B07565600267217 /* Extensions */ = {
			isa = PBXGroup;
			children = (
				BA78B8422B07566300267217 /* String+Extensions.swift */,
				BA40C0E62B08168300727DC6 /* Date+Extensions.swift */,
				BA40C0F22B08311C00727DC6 /* DateFormatter+Extensions.swift */,
			);
			path = Extensions;
			sourceTree = "<group>";
		};
		BAAADF3F2B065BD500553127 = {
			isa = PBXGroup;
			children = (
				BAAADF4A2B065BD500553127 /* NewsArticles */,
				BAAADF492B065BD500553127 /* Products */,
			);
			sourceTree = "<group>";
		};
		BAAADF492B065BD500553127 /* Products */ = {
			isa = PBXGroup;
			children = (
				BAAADF482B065BD500553127 /* NewsArticles.app */,
			);
			name = Products;
			sourceTree = "<group>";
		};
		BAAADF4A2B065BD500553127 /* NewsArticles */ = {
			isa = PBXGroup;
			children = (
				BAAADF4B2B065BD500553127 /* NewsArticlesApp.swift */,
				BA78B8402B07564B00267217 /* Helpers */,
				BAAADF5E2B06677C00553127 /* Domain */,
				BA40C0EA2B081C8F00727DC6 /* Modules */,
				BA78B83F2B074CC700267217 /* Resources */,
				BAAADF512B065BD700553127 /* Preview Content */,
			);
			path = NewsArticles;
			sourceTree = "<group>";
		};
		BAAADF512B065BD700553127 /* Preview Content */ = {
			isa = PBXGroup;
			children = (
				BAAADF522B065BD700553127 /* Preview Assets.xcassets */,
			);
			path = "Preview Content";
			sourceTree = "<group>";
		};
		BAAADF592B06669700553127 /* NewsArticles */ = {
			isa = PBXGroup;
			children = (
				BAAADF6F2B0681E400553127 /* Helpers */,
				BAAADF5B2B0666A300553127 /* ViewModel */,
				BAAADF5A2B06669E00553127 /* View */,
			);
			path = NewsArticles;
			sourceTree = "<group>";
		};
		BAAADF5A2B06669E00553127 /* View */ = {
			isa = PBXGroup;
			children = (
				BAAADF4D2B065BD500553127 /* NewsArticlesView.swift */,
				BA294F782B08C53A008B3EB0 /* LoaderView.swift */,
				BA827B782B0682A000BF0CFC /* ArticleView.swift */,
				BA78B8442B0756F900267217 /* SortTypeButton.swift */,
				BA40C0E42B07F7D600727DC6 /* DatePickerView.swift */,
			);
			path = View;
			sourceTree = "<group>";
		};
		BAAADF5B2B0666A300553127 /* ViewModel */ = {
			isa = PBXGroup;
			children = (
				BAAADF6D2B0681D600553127 /* NewsArticlesViewModelInput.swift */,
				BAAADF5C2B0666B700553127 /* NewsArticlesViewModel.swift */,
			);
			name = ViewModel;
			sourceTree = "<group>";
		};
		BAAADF5E2B06677C00553127 /* Domain */ = {
			isa = PBXGroup;
			children = (
				BA294F7A2B08D30E008B3EB0 /* Errors */,
				BAAADF622B06685800553127 /* Models */,
				BAAADF5F2B06678900553127 /* Managers */,
			);
			name = Domain;
			sourceTree = "<group>";
		};
		BAAADF5F2B06678900553127 /* Managers */ = {
			isa = PBXGroup;
			children = (
				BA294F7D2B08D34A008B3EB0 /* NetworkManagerInput.swift */,
				BAAADF602B06679B00553127 /* NetworkManager.swift */,
			);
			path = Managers;
			sourceTree = "<group>";
		};
		BAAADF622B06685800553127 /* Models */ = {
			isa = PBXGroup;
			children = (
				BAAADF632B06686800553127 /* ArticlesResponse.swift */,
				BAAADF652B06687B00553127 /* Article.swift */,
				BAAADF672B0668B100553127 /* ArticleSource.swift */,
				BAAADF692B0679E900553127 /* SearchRequest.swift */,
				BAAADF6B2B0679F900553127 /* RequestItem.swift */,
			);
			name = Models;
			sourceTree = "<group>";
		};
		BAAADF6F2B0681E400553127 /* Helpers */ = {
			isa = PBXGroup;
			children = (
				BAAADF702B0681F500553127 /* NewsArticlesViewModelDataHandler.swift */,
			);
			name = Helpers;
			sourceTree = "<group>";
		};
/* End PBXGroup section */

/* Begin PBXNativeTarget section */
		BAAADF472B065BD500553127 /* NewsArticles */ = {
			isa = PBXNativeTarget;
			buildConfigurationList = BAAADF562B065BD700553127 /* Build configuration list for PBXNativeTarget "NewsArticles" */;
			buildPhases = (
				BAAADF442B065BD500553127 /* Sources */,
				BAAADF452B065BD500553127 /* Frameworks */,
				BAAADF462B065BD500553127 /* Resources */,
			);
			buildRules = (
			);
			dependencies = (
			);
			name = NewsArticles;
			productName = NewsArticles;
			productReference = BAAADF482B065BD500553127 /* NewsArticles.app */;
			productType = "com.apple.product-type.application";
		};
/* End PBXNativeTarget section */

/* Begin PBXProject section */
		BAAADF402B065BD500553127 /* Project object */ = {
			isa = PBXProject;
			attributes = {
				BuildIndependentTargetsInParallel = 1;
				LastSwiftUpdateCheck = 1430;
				LastUpgradeCheck = 1430;
				TargetAttributes = {
					BAAADF472B065BD500553127 = {
						CreatedOnToolsVersion = 14.3.1;
					};
				};
			};
			buildConfigurationList = BAAADF432B065BD500553127 /* Build configuration list for PBXProject "NewsArticles" */;
			compatibilityVersion = "Xcode 14.0";
			developmentRegion = en;
			hasScannedForEncodings = 0;
			knownRegions = (
				en,
				Base,
			);
			mainGroup = BAAADF3F2B065BD500553127;
			productRefGroup = BAAADF492B065BD500553127 /* Products */;
			projectDirPath = "";
			projectRoot = "";
			targets = (
				BAAADF472B065BD500553127 /* NewsArticles */,
			);
		};
/* End PBXProject section */

/* Begin PBXResourcesBuildPhase section */
		BAAADF462B065BD500553127 /* Resources */ = {
			isa = PBXResourcesBuildPhase;
			buildActionMask = 2147483647;
			files = (
				BAAADF532B065BD700553127 /* Preview Assets.xcassets in Resources */,
				BA78B83C2B074C6E00267217 /* Localizable.strings in Resources */,
				BAAADF502B065BD700553127 /* Assets.xcassets in Resources */,
			);
			runOnlyForDeploymentPostprocessing = 0;
		};
/* End PBXResourcesBuildPhase section */

/* Begin PBXSourcesBuildPhase section */
		BAAADF442B065BD500553127 /* Sources */ = {
			isa = PBXSourcesBuildPhase;
			buildActionMask = 2147483647;
			files = (
				BA78B8452B0756F900267217 /* SortTypeButton.swift in Sources */,
				BAAADF6C2B0679F900553127 /* RequestItem.swift in Sources */,
				BA294F7C2B08D321008B3EB0 /* NetworkingError.swift in Sources */,
				BA40C0EF2B081E1B00727DC6 /* ArticleMock.swift in Sources */,
				BAAADF712B0681F500553127 /* NewsArticlesViewModelDataHandler.swift in Sources */,
				BAAADF612B06679B00553127 /* NetworkManager.swift in Sources */,
				BAAADF4E2B065BD500553127 /* NewsArticlesView.swift in Sources */,
				BAAADF662B06687B00553127 /* Article.swift in Sources */,
				BA40C0F12B08310C00727DC6 /* GlobalDateFormatter.swift in Sources */,
				BAAADF6E2B0681D600553127 /* NewsArticlesViewModelInput.swift in Sources */,
				BA40C0E72B08168300727DC6 /* Date+Extensions.swift in Sources */,
				BAAADF682B0668B100553127 /* ArticleSource.swift in Sources */,
				BA40C0E52B07F7D600727DC6 /* DatePickerView.swift in Sources */,
				BA78B8432B07566300267217 /* String+Extensions.swift in Sources */,
				BA294F7E2B08D34A008B3EB0 /* NetworkManagerInput.swift in Sources */,
				BAAADF4C2B065BD500553127 /* NewsArticlesApp.swift in Sources */,
				BA40C0F32B08311C00727DC6 /* DateFormatter+Extensions.swift in Sources */,
				BAAADF6A2B0679E900553127 /* SearchRequest.swift in Sources */,
				BA40C0ED2B081CCF00727DC6 /* ArticleDetailsView.swift in Sources */,
				BA294F792B08C53A008B3EB0 /* LoaderView.swift in Sources */,
				BAAADF5D2B0666B700553127 /* NewsArticlesViewModel.swift in Sources */,
				BAAADF642B06686800553127 /* ArticlesResponse.swift in Sources */,
				BA827B792B0682A000BF0CFC /* ArticleView.swift in Sources */,
			);
			runOnlyForDeploymentPostprocessing = 0;
		};
/* End PBXSourcesBuildPhase section */

/* Begin PBXVariantGroup section */
		BA78B83E2B074C6E00267217 /* Localizable.strings */ = {
			isa = PBXVariantGroup;
			children = (
				BA78B83D2B074C6E00267217 /* en */,
			);
			name = Localizable.strings;
			sourceTree = "<group>";
		};
/* End PBXVariantGroup section */

/* Begin XCBuildConfiguration section */
		BAAADF542B065BD700553127 /* Debug */ = {
			isa = XCBuildConfiguration;
			buildSettings = {
				ALWAYS_SEARCH_USER_PATHS = NO;
				CLANG_ANALYZER_NONNULL = YES;
				CLANG_ANALYZER_NUMBER_OBJECT_CONVERSION = YES_AGGRESSIVE;
				CLANG_CXX_LANGUAGE_STANDARD = "gnu++20";
				CLANG_ENABLE_MODULES = YES;
				CLANG_ENABLE_OBJC_ARC = YES;
				CLANG_ENABLE_OBJC_WEAK = YES;
				CLANG_WARN_BLOCK_CAPTURE_AUTORELEASING = YES;
				CLANG_WARN_BOOL_CONVERSION = YES;
				CLANG_WARN_COMMA = YES;
				CLANG_WARN_CONSTANT_CONVERSION = YES;
				CLANG_WARN_DEPRECATED_OBJC_IMPLEMENTATIONS = YES;
				CLANG_WARN_DIRECT_OBJC_ISA_USAGE = YES_ERROR;
				CLANG_WARN_DOCUMENTATION_COMMENTS = YES;
				CLANG_WARN_EMPTY_BODY = YES;
				CLANG_WARN_ENUM_CONVERSION = YES;
				CLANG_WARN_INFINITE_RECURSION = YES;
				CLANG_WARN_INT_CONVERSION = YES;
				CLANG_WARN_NON_LITERAL_NULL_CONVERSION = YES;
				CLANG_WARN_OBJC_IMPLICIT_RETAIN_SELF = YES;
				CLANG_WARN_OBJC_LITERAL_CONVERSION = YES;
				CLANG_WARN_OBJC_ROOT_CLASS = YES_ERROR;
				CLANG_WARN_QUOTED_INCLUDE_IN_FRAMEWORK_HEADER = YES;
				CLANG_WARN_RANGE_LOOP_ANALYSIS = YES;
				CLANG_WARN_STRICT_PROTOTYPES = YES;
				CLANG_WARN_SUSPICIOUS_MOVE = YES;
				CLANG_WARN_UNGUARDED_AVAILABILITY = YES_AGGRESSIVE;
				CLANG_WARN_UNREACHABLE_CODE = YES;
				CLANG_WARN__DUPLICATE_METHOD_MATCH = YES;
				COPY_PHASE_STRIP = NO;
				DEBUG_INFORMATION_FORMAT = dwarf;
				ENABLE_STRICT_OBJC_MSGSEND = YES;
				ENABLE_TESTABILITY = YES;
				GCC_C_LANGUAGE_STANDARD = gnu11;
				GCC_DYNAMIC_NO_PIC = NO;
				GCC_NO_COMMON_BLOCKS = YES;
				GCC_OPTIMIZATION_LEVEL = 0;
				GCC_PREPROCESSOR_DEFINITIONS = (
					"DEBUG=1",
					"$(inherited)",
				);
				GCC_WARN_64_TO_32_BIT_CONVERSION = YES;
				GCC_WARN_ABOUT_RETURN_TYPE = YES_ERROR;
				GCC_WARN_UNDECLARED_SELECTOR = YES;
				GCC_WARN_UNINITIALIZED_AUTOS = YES_AGGRESSIVE;
				GCC_WARN_UNUSED_FUNCTION = YES;
				GCC_WARN_UNUSED_VARIABLE = YES;
				IPHONEOS_DEPLOYMENT_TARGET = 16.4;
				MTL_ENABLE_DEBUG_INFO = INCLUDE_SOURCE;
				MTL_FAST_MATH = YES;
				ONLY_ACTIVE_ARCH = YES;
				SDKROOT = iphoneos;
				SWIFT_ACTIVE_COMPILATION_CONDITIONS = DEBUG;
				SWIFT_OPTIMIZATION_LEVEL = "-Onone";
			};
			name = Debug;
		};
		BAAADF552B065BD700553127 /* Release */ = {
			isa = XCBuildConfiguration;
			buildSettings = {
				ALWAYS_SEARCH_USER_PATHS = NO;
				CLANG_ANALYZER_NONNULL = YES;
				CLANG_ANALYZER_NUMBER_OBJECT_CONVERSION = YES_AGGRESSIVE;
				CLANG_CXX_LANGUAGE_STANDARD = "gnu++20";
				CLANG_ENABLE_MODULES = YES;
				CLANG_ENABLE_OBJC_ARC = YES;
				CLANG_ENABLE_OBJC_WEAK = YES;
				CLANG_WARN_BLOCK_CAPTURE_AUTORELEASING = YES;
				CLANG_WARN_BOOL_CONVERSION = YES;
				CLANG_WARN_COMMA = YES;
				CLANG_WARN_CONSTANT_CONVERSION = YES;
				CLANG_WARN_DEPRECATED_OBJC_IMPLEMENTATIONS = YES;
				CLANG_WARN_DIRECT_OBJC_ISA_USAGE = YES_ERROR;
				CLANG_WARN_DOCUMENTATION_COMMENTS = YES;
				CLANG_WARN_EMPTY_BODY = YES;
				CLANG_WARN_ENUM_CONVERSION = YES;
				CLANG_WARN_INFINITE_RECURSION = YES;
				CLANG_WARN_INT_CONVERSION = YES;
				CLANG_WARN_NON_LITERAL_NULL_CONVERSION = YES;
				CLANG_WARN_OBJC_IMPLICIT_RETAIN_SELF = YES;
				CLANG_WARN_OBJC_LITERAL_CONVERSION = YES;
				CLANG_WARN_OBJC_ROOT_CLASS = YES_ERROR;
				CLANG_WARN_QUOTED_INCLUDE_IN_FRAMEWORK_HEADER = YES;
				CLANG_WARN_RANGE_LOOP_ANALYSIS = YES;
				CLANG_WARN_STRICT_PROTOTYPES = YES;
				CLANG_WARN_SUSPICIOUS_MOVE = YES;
				CLANG_WARN_UNGUARDED_AVAILABILITY = YES_AGGRESSIVE;
				CLANG_WARN_UNREACHABLE_CODE = YES;
				CLANG_WARN__DUPLICATE_METHOD_MATCH = YES;
				COPY_PHASE_STRIP = NO;
				DEBUG_INFORMATION_FORMAT = "dwarf-with-dsym";
				ENABLE_NS_ASSERTIONS = NO;
				ENABLE_STRICT_OBJC_MSGSEND = YES;
				GCC_C_LANGUAGE_STANDARD = gnu11;
				GCC_NO_COMMON_BLOCKS = YES;
				GCC_WARN_64_TO_32_BIT_CONVERSION = YES;
				GCC_WARN_ABOUT_RETURN_TYPE = YES_ERROR;
				GCC_WARN_UNDECLARED_SELECTOR = YES;
				GCC_WARN_UNINITIALIZED_AUTOS = YES_AGGRESSIVE;
				GCC_WARN_UNUSED_FUNCTION = YES;
				GCC_WARN_UNUSED_VARIABLE = YES;
				IPHONEOS_DEPLOYMENT_TARGET = 16.4;
				MTL_ENABLE_DEBUG_INFO = NO;
				MTL_FAST_MATH = YES;
				SDKROOT = iphoneos;
				SWIFT_COMPILATION_MODE = wholemodule;
				SWIFT_OPTIMIZATION_LEVEL = "-O";
				VALIDATE_PRODUCT = YES;
			};
			name = Release;
		};
		BAAADF572B065BD700553127 /* Debug */ = {
			isa = XCBuildConfiguration;
			buildSettings = {
				ASSETCATALOG_COMPILER_APPICON_NAME = AppIcon;
				ASSETCATALOG_COMPILER_GLOBAL_ACCENT_COLOR_NAME = AccentColor;
				CODE_SIGN_STYLE = Automatic;
				CURRENT_PROJECT_VERSION = 1;
				DEVELOPMENT_ASSET_PATHS = "\"NewsArticles/Preview Content\"";
				ENABLE_PREVIEWS = YES;
				GENERATE_INFOPLIST_FILE = YES;
				INFOPLIST_KEY_UIApplicationSceneManifest_Generation = YES;
				INFOPLIST_KEY_UIApplicationSupportsIndirectInputEvents = YES;
				INFOPLIST_KEY_UILaunchScreen_Generation = YES;
				INFOPLIST_KEY_UISupportedInterfaceOrientations = UIInterfaceOrientationPortrait;
				INFOPLIST_KEY_UISupportedInterfaceOrientations_iPad = "UIInterfaceOrientationLandscapeLeft UIInterfaceOrientationLandscapeRight UIInterfaceOrientationPortrait UIInterfaceOrientationPortraitUpsideDown";
				IPHONEOS_DEPLOYMENT_TARGET = 15.0;
				LD_RUNPATH_SEARCH_PATHS = (
					"$(inherited)",
					"@executable_path/Frameworks",
				);
				MARKETING_VERSION = 1.0;
				PRODUCT_BUNDLE_IDENTIFIER = com.kashin00.NewsArticles;
				PRODUCT_NAME = "$(TARGET_NAME)";
				SUPPORTED_PLATFORMS = "iphoneos iphonesimulator";
				SUPPORTS_MACCATALYST = NO;
				SUPPORTS_MAC_DESIGNED_FOR_IPHONE_IPAD = NO;
				SWIFT_EMIT_LOC_STRINGS = YES;
				SWIFT_VERSION = 5.0;
				TARGETED_DEVICE_FAMILY = 1;
			};
			name = Debug;
		};
		BAAADF582B065BD700553127 /* Release */ = {
			isa = XCBuildConfiguration;
			buildSettings = {
				ASSETCATALOG_COMPILER_APPICON_NAME = AppIcon;
				ASSETCATALOG_COMPILER_GLOBAL_ACCENT_COLOR_NAME = AccentColor;
				CODE_SIGN_STYLE = Automatic;
				CURRENT_PROJECT_VERSION = 1;
				DEVELOPMENT_ASSET_PATHS = "\"NewsArticles/Preview Content\"";
				ENABLE_PREVIEWS = YES;
				GENERATE_INFOPLIST_FILE = YES;
				INFOPLIST_KEY_UIApplicationSceneManifest_Generation = YES;
				INFOPLIST_KEY_UIApplicationSupportsIndirectInputEvents = YES;
				INFOPLIST_KEY_UILaunchScreen_Generation = YES;
				INFOPLIST_KEY_UISupportedInterfaceOrientations = UIInterfaceOrientationPortrait;
				INFOPLIST_KEY_UISupportedInterfaceOrientations_iPad = "UIInterfaceOrientationLandscapeLeft UIInterfaceOrientationLandscapeRight UIInterfaceOrientationPortrait UIInterfaceOrientationPortraitUpsideDown";
				IPHONEOS_DEPLOYMENT_TARGET = 15.0;
				LD_RUNPATH_SEARCH_PATHS = (
					"$(inherited)",
					"@executable_path/Frameworks",
				);
				MARKETING_VERSION = 1.0;
				PRODUCT_BUNDLE_IDENTIFIER = com.kashin00.NewsArticles;
				PRODUCT_NAME = "$(TARGET_NAME)";
				SUPPORTED_PLATFORMS = "iphoneos iphonesimulator";
				SUPPORTS_MACCATALYST = NO;
				SUPPORTS_MAC_DESIGNED_FOR_IPHONE_IPAD = NO;
				SWIFT_EMIT_LOC_STRINGS = YES;
				SWIFT_VERSION = 5.0;
				TARGETED_DEVICE_FAMILY = 1;
			};
			name = Release;
		};
/* End XCBuildConfiguration section */

/* Begin XCConfigurationList section */
		BAAADF432B065BD500553127 /* Build configuration list for PBXProject "NewsArticles" */ = {
			isa = XCConfigurationList;
			buildConfigurations = (
				BAAADF542B065BD700553127 /* Debug */,
				BAAADF552B065BD700553127 /* Release */,
			);
			defaultConfigurationIsVisible = 0;
			defaultConfigurationName = Release;
		};
		BAAADF562B065BD700553127 /* Build configuration list for PBXNativeTarget "NewsArticles" */ = {
			isa = XCConfigurationList;
			buildConfigurations = (
				BAAADF572B065BD700553127 /* Debug */,
				BAAADF582B065BD700553127 /* Release */,
			);
			defaultConfigurationIsVisible = 0;
			defaultConfigurationName = Release;
		};
/* End XCConfigurationList section */
	};
	rootObject = BAAADF402B065BD500553127 /* Project object */;
}
